
Microsoft Visual Studio Solution File, Format Version 12.00
# Visual Studio Version 16
VisualStudioVersion = 16.0.29123.88
MinimumVisualStudioVersion = 10.0.40219.1
Project("{2150E333-8FDC-42A3-9474-1A3956D46DE8}") = "Solution Items", "Solution Items", "{7C703937-A286-42E0-8726-E32BFE8D41C8}"
	ProjectSection(SolutionItems) = preProject
		.editorconfig = .editorconfig
	EndProjectSection
EndProject
Project("{9A19103F-16F7-4668-BE54-9A1E7A4F7556}") = "Models", "..\Models\Models.csproj", "{BAFC3A55-B08F-4DA8-90C7-301AF4BA0B9A}"
EndProject
Project("{9A19103F-16F7-4668-BE54-9A1E7A4F7556}") = "WebApiCore", "WebApiCore\WebApiCore.csproj", "{9828F8D2-6911-44C9-A1C3-019FE42A3F9B}"
EndProject
Project("{9A19103F-16F7-4668-BE54-9A1E7A4F7556}") = "BusinessLogicCore", "..\BusinessLogicCore\BusinessLogicCore.csproj", "{52562A31-7DC1-45DB-AA6C-49CD6A04FA44}"
EndProject
Project("{2150E333-8FDC-42A3-9474-1A3956D46DE8}") = "DataAccessLayer", "DataAccessLayer", "{22A890DD-4427-4705-93FF-CE5625B8B063}"
EndProject
Project("{2150E333-8FDC-42A3-9474-1A3956D46DE8}") = "BusinessLogicLayer", "BusinessLogicLayer", "{11D05CB9-7B81-477C-9E11-849176EEC609}"
EndProject
Project("{2150E333-8FDC-42A3-9474-1A3956D46DE8}") = "ClientLayer", "ClientLayer", "{FE11D0DF-3AEF-478A-B1C5-C94B72908DAA}"
EndProject
Project("{9A19103F-16F7-4668-BE54-9A1E7A4F7556}") = "MiddleWares", "..\Middlewares\MiddleWares.csproj", "{A6405B52-7F89-404F-885D-7441AB53F8AE}"
EndProject
Project("{9A19103F-16F7-4668-BE54-9A1E7A4F7556}") = "WebApiHandlers", "..\WebApiHandlers\WebApiHandlers.csproj", "{E5C9DD06-CA13-4C2D-8A3C-C9DA43B35625}"
EndProject
Project("{9A19103F-16F7-4668-BE54-9A1E7A4F7556}") = "ScientificDatabase", "..\Databases\ScientificDatabase\ScientificDatabase.csproj", "{DD891F8D-B0C6-4111-ADEA-E1B58CCCDF4C}"
EndProject
Global
	GlobalSection(SolutionConfigurationPlatforms) = preSolution
		Debug|Any CPU = Debug|Any CPU
		Debug|x64 = Debug|x64
		Debug|x86 = Debug|x86
		Develop|Any CPU = Develop|Any CPU
		Develop|x64 = Develop|x64
		Develop|x86 = Develop|x86
		QA|Any CPU = QA|Any CPU
		QA|x64 = QA|x64
		QA|x86 = QA|x86
		Release|Any CPU = Release|Any CPU
		Release|x64 = Release|x64
		Release|x86 = Release|x86
	EndGlobalSection
	GlobalSection(ProjectConfigurationPlatforms) = postSolution
		{BAFC3A55-B08F-4DA8-90C7-301AF4BA0B9A}.Debug|Any CPU.ActiveCfg = Debug|Any CPU
		{BAFC3A55-B08F-4DA8-90C7-301AF4BA0B9A}.Debug|Any CPU.Build.0 = Debug|Any CPU
		{BAFC3A55-B08F-4DA8-90C7-301AF4BA0B9A}.Debug|x64.ActiveCfg = Debug|x64
		{BAFC3A55-B08F-4DA8-90C7-301AF4BA0B9A}.Debug|x64.Build.0 = Debug|x64
		{BAFC3A55-B08F-4DA8-90C7-301AF4BA0B9A}.Debug|x86.ActiveCfg = Debug|Any CPU
		{BAFC3A55-B08F-4DA8-90C7-301AF4BA0B9A}.Debug|x86.Build.0 = Debug|Any CPU
		{BAFC3A55-B08F-4DA8-90C7-301AF4BA0B9A}.Develop|Any CPU.ActiveCfg = Debug|Any CPU
		{BAFC3A55-B08F-4DA8-90C7-301AF4BA0B9A}.Develop|Any CPU.Build.0 = Debug|Any CPU
		{BAFC3A55-B08F-4DA8-90C7-301AF4BA0B9A}.Develop|x64.ActiveCfg = Debug|x64
		{BAFC3A55-B08F-4DA8-90C7-301AF4BA0B9A}.Develop|x64.Build.0 = Debug|x64
		{BAFC3A55-B08F-4DA8-90C7-301AF4BA0B9A}.Develop|x86.ActiveCfg = Debug|Any CPU
		{BAFC3A55-B08F-4DA8-90C7-301AF4BA0B9A}.Develop|x86.Build.0 = Debug|Any CPU
		{BAFC3A55-B08F-4DA8-90C7-301AF4BA0B9A}.QA|Any CPU.ActiveCfg = Debug|Any CPU
		{BAFC3A55-B08F-4DA8-90C7-301AF4BA0B9A}.QA|Any CPU.Build.0 = Debug|Any CPU
		{BAFC3A55-B08F-4DA8-90C7-301AF4BA0B9A}.QA|x64.ActiveCfg = Debug|x64
		{BAFC3A55-B08F-4DA8-90C7-301AF4BA0B9A}.QA|x64.Build.0 = Debug|x64
		{BAFC3A55-B08F-4DA8-90C7-301AF4BA0B9A}.QA|x86.ActiveCfg = Debug|Any CPU
		{BAFC3A55-B08F-4DA8-90C7-301AF4BA0B9A}.QA|x86.Build.0 = Debug|Any CPU
		{BAFC3A55-B08F-4DA8-90C7-301AF4BA0B9A}.Release|Any CPU.ActiveCfg = Release|Any CPU
		{BAFC3A55-B08F-4DA8-90C7-301AF4BA0B9A}.Release|Any CPU.Build.0 = Release|Any CPU
		{BAFC3A55-B08F-4DA8-90C7-301AF4BA0B9A}.Release|x64.ActiveCfg = Release|x64
		{BAFC3A55-B08F-4DA8-90C7-301AF4BA0B9A}.Release|x64.Build.0 = Release|x64
		{BAFC3A55-B08F-4DA8-90C7-301AF4BA0B9A}.Release|x86.ActiveCfg = Release|Any CPU
		{BAFC3A55-B08F-4DA8-90C7-301AF4BA0B9A}.Release|x86.Build.0 = Release|Any CPU
		{9828F8D2-6911-44C9-A1C3-019FE42A3F9B}.Debug|Any CPU.ActiveCfg = Debug|Any CPU
		{9828F8D2-6911-44C9-A1C3-019FE42A3F9B}.Debug|Any CPU.Build.0 = Debug|Any CPU
		{9828F8D2-6911-44C9-A1C3-019FE42A3F9B}.Debug|x64.ActiveCfg = Debug|Any CPU
		{9828F8D2-6911-44C9-A1C3-019FE42A3F9B}.Debug|x64.Build.0 = Debug|Any CPU
		{9828F8D2-6911-44C9-A1C3-019FE42A3F9B}.Debug|x86.ActiveCfg = Debug|Any CPU
		{9828F8D2-6911-44C9-A1C3-019FE42A3F9B}.Debug|x86.Build.0 = Debug|Any CPU
		{9828F8D2-6911-44C9-A1C3-019FE42A3F9B}.Develop|Any CPU.ActiveCfg = Debug|Any CPU
		{9828F8D2-6911-44C9-A1C3-019FE42A3F9B}.Develop|Any CPU.Build.0 = Debug|Any CPU
		{9828F8D2-6911-44C9-A1C3-019FE42A3F9B}.Develop|x64.ActiveCfg = Debug|Any CPU
		{9828F8D2-6911-44C9-A1C3-019FE42A3F9B}.Develop|x64.Build.0 = Debug|Any CPU
		{9828F8D2-6911-44C9-A1C3-019FE42A3F9B}.Develop|x86.ActiveCfg = Debug|Any CPU
		{9828F8D2-6911-44C9-A1C3-019FE42A3F9B}.Develop|x86.Build.0 = Debug|Any CPU
		{9828F8D2-6911-44C9-A1C3-019FE42A3F9B}.QA|Any CPU.ActiveCfg = Debug|Any CPU
		{9828F8D2-6911-44C9-A1C3-019FE42A3F9B}.QA|Any CPU.Build.0 = Debug|Any CPU
		{9828F8D2-6911-44C9-A1C3-019FE42A3F9B}.QA|x64.ActiveCfg = Release|Any CPU
		{9828F8D2-6911-44C9-A1C3-019FE42A3F9B}.QA|x64.Build.0 = Release|Any CPU
		{9828F8D2-6911-44C9-A1C3-019FE42A3F9B}.QA|x86.ActiveCfg = Debug|Any CPU
		{9828F8D2-6911-44C9-A1C3-019FE42A3F9B}.QA|x86.Build.0 = Debug|Any CPU
		{9828F8D2-6911-44C9-A1C3-019FE42A3F9B}.Release|Any CPU.ActiveCfg = Release|Any CPU
		{9828F8D2-6911-44C9-A1C3-019FE42A3F9B}.Release|Any CPU.Build.0 = Release|Any CPU
		{9828F8D2-6911-44C9-A1C3-019FE42A3F9B}.Release|x64.ActiveCfg = Release|Any CPU
		{9828F8D2-6911-44C9-A1C3-019FE42A3F9B}.Release|x64.Build.0 = Release|Any CPU
		{9828F8D2-6911-44C9-A1C3-019FE42A3F9B}.Release|x86.ActiveCfg = Release|Any CPU
		{9828F8D2-6911-44C9-A1C3-019FE42A3F9B}.Release|x86.Build.0 = Release|Any CPU
		{52562A31-7DC1-45DB-AA6C-49CD6A04FA44}.Debug|Any CPU.ActiveCfg = Debug|Any CPU
		{52562A31-7DC1-45DB-AA6C-49CD6A04FA44}.Debug|Any CPU.Build.0 = Debug|Any CPU
		{52562A31-7DC1-45DB-AA6C-49CD6A04FA44}.Debug|x64.ActiveCfg = Debug|Any CPU
		{52562A31-7DC1-45DB-AA6C-49CD6A04FA44}.Debug|x64.Build.0 = Debug|Any CPU
		{52562A31-7DC1-45DB-AA6C-49CD6A04FA44}.Debug|x86.ActiveCfg = Debug|Any CPU
		{52562A31-7DC1-45DB-AA6C-49CD6A04FA44}.Debug|x86.Build.0 = Debug|Any CPU
		{52562A31-7DC1-45DB-AA6C-49CD6A04FA44}.Develop|Any CPU.ActiveCfg = Debug|Any CPU
		{52562A31-7DC1-45DB-AA6C-49CD6A04FA44}.Develop|Any CPU.Build.0 = Debug|Any CPU
		{52562A31-7DC1-45DB-AA6C-49CD6A04FA44}.Develop|x64.ActiveCfg = Debug|Any CPU
		{52562A31-7DC1-45DB-AA6C-49CD6A04FA44}.Develop|x64.Build.0 = Debug|Any CPU
		{52562A31-7DC1-45DB-AA6C-49CD6A04FA44}.Develop|x86.ActiveCfg = Debug|Any CPU
		{52562A31-7DC1-45DB-AA6C-49CD6A04FA44}.Develop|x86.Build.0 = Debug|Any CPU
		{52562A31-7DC1-45DB-AA6C-49CD6A04FA44}.QA|Any CPU.ActiveCfg = Debug|Any CPU
		{52562A31-7DC1-45DB-AA6C-49CD6A04FA44}.QA|Any CPU.Build.0 = Debug|Any CPU
		{52562A31-7DC1-45DB-AA6C-49CD6A04FA44}.QA|x64.ActiveCfg = Release|Any CPU
		{52562A31-7DC1-45DB-AA6C-49CD6A04FA44}.QA|x64.Build.0 = Release|Any CPU
		{52562A31-7DC1-45DB-AA6C-49CD6A04FA44}.QA|x86.ActiveCfg = Debug|Any CPU
		{52562A31-7DC1-45DB-AA6C-49CD6A04FA44}.QA|x86.Build.0 = Debug|Any CPU
		{52562A31-7DC1-45DB-AA6C-49CD6A04FA44}.Release|Any CPU.ActiveCfg = Release|Any CPU
		{52562A31-7DC1-45DB-AA6C-49CD6A04FA44}.Release|Any CPU.Build.0 = Release|Any CPU
		{52562A31-7DC1-45DB-AA6C-49CD6A04FA44}.Release|x64.ActiveCfg = Release|Any CPU
		{52562A31-7DC1-45DB-AA6C-49CD6A04FA44}.Release|x64.Build.0 = Release|Any CPU
		{52562A31-7DC1-45DB-AA6C-49CD6A04FA44}.Release|x86.ActiveCfg = Release|Any CPU
		{52562A31-7DC1-45DB-AA6C-49CD6A04FA44}.Release|x86.Build.0 = Release|Any CPU
		{A6405B52-7F89-404F-885D-7441AB53F8AE}.Debug|Any CPU.ActiveCfg = Debug|Any CPU
		{A6405B52-7F89-404F-885D-7441AB53F8AE}.Debug|Any CPU.Build.0 = Debug|Any CPU
		{A6405B52-7F89-404F-885D-7441AB53F8AE}.Debug|x64.ActiveCfg = Debug|Any CPU
		{A6405B52-7F89-404F-885D-7441AB53F8AE}.Debug|x64.Build.0 = Debug|Any CPU
		{A6405B52-7F89-404F-885D-7441AB53F8AE}.Debug|x86.ActiveCfg = Debug|Any CPU
		{A6405B52-7F89-404F-885D-7441AB53F8AE}.Debug|x86.Build.0 = Debug|Any CPU
		{A6405B52-7F89-404F-885D-7441AB53F8AE}.Develop|Any CPU.ActiveCfg = Debug|Any CPU
		{A6405B52-7F89-404F-885D-7441AB53F8AE}.Develop|Any CPU.Build.0 = Debug|Any CPU
		{A6405B52-7F89-404F-885D-7441AB53F8AE}.Develop|x64.ActiveCfg = Debug|Any CPU
		{A6405B52-7F89-404F-885D-7441AB53F8AE}.Develop|x64.Build.0 = Debug|Any CPU
		{A6405B52-7F89-404F-885D-7441AB53F8AE}.Develop|x86.ActiveCfg = Debug|Any CPU
		{A6405B52-7F89-404F-885D-7441AB53F8AE}.Develop|x86.Build.0 = Debug|Any CPU
		{A6405B52-7F89-404F-885D-7441AB53F8AE}.QA|Any CPU.ActiveCfg = Debug|Any CPU
		{A6405B52-7F89-404F-885D-7441AB53F8AE}.QA|Any CPU.Build.0 = Debug|Any CPU
		{A6405B52-7F89-404F-885D-7441AB53F8AE}.QA|x64.ActiveCfg = Debug|Any CPU
		{A6405B52-7F89-404F-885D-7441AB53F8AE}.QA|x64.Build.0 = Debug|Any CPU
		{A6405B52-7F89-404F-885D-7441AB53F8AE}.QA|x86.ActiveCfg = Debug|Any CPU
		{A6405B52-7F89-404F-885D-7441AB53F8AE}.QA|x86.Build.0 = Debug|Any CPU
		{A6405B52-7F89-404F-885D-7441AB53F8AE}.Release|Any CPU.ActiveCfg = Release|Any CPU
		{A6405B52-7F89-404F-885D-7441AB53F8AE}.Release|Any CPU.Build.0 = Release|Any CPU
		{A6405B52-7F89-404F-885D-7441AB53F8AE}.Release|x64.ActiveCfg = Release|Any CPU
		{A6405B52-7F89-404F-885D-7441AB53F8AE}.Release|x64.Build.0 = Release|Any CPU
		{A6405B52-7F89-404F-885D-7441AB53F8AE}.Release|x86.ActiveCfg = Release|Any CPU
		{A6405B52-7F89-404F-885D-7441AB53F8AE}.Release|x86.Build.0 = Release|Any CPU
		{E5C9DD06-CA13-4C2D-8A3C-C9DA43B35625}.Debug|Any CPU.ActiveCfg = Debug|Any CPU
		{E5C9DD06-CA13-4C2D-8A3C-C9DA43B35625}.Debug|Any CPU.Build.0 = Debug|Any CPU
		{E5C9DD06-CA13-4C2D-8A3C-C9DA43B35625}.Debug|x64.ActiveCfg = Debug|x64
		{E5C9DD06-CA13-4C2D-8A3C-C9DA43B35625}.Debug|x64.Build.0 = Debug|x64
		{E5C9DD06-CA13-4C2D-8A3C-C9DA43B35625}.Debug|x86.ActiveCfg = Debug|x86
		{E5C9DD06-CA13-4C2D-8A3C-C9DA43B35625}.Debug|x86.Build.0 = Debug|x86
		{E5C9DD06-CA13-4C2D-8A3C-C9DA43B35625}.Develop|Any CPU.ActiveCfg = Debug|Any CPU
		{E5C9DD06-CA13-4C2D-8A3C-C9DA43B35625}.Develop|Any CPU.Build.0 = Debug|Any CPU
		{E5C9DD06-CA13-4C2D-8A3C-C9DA43B35625}.Develop|x64.ActiveCfg = Debug|x64
		{E5C9DD06-CA13-4C2D-8A3C-C9DA43B35625}.Develop|x64.Build.0 = Debug|x64
		{E5C9DD06-CA13-4C2D-8A3C-C9DA43B35625}.Develop|x86.ActiveCfg = Debug|x86
		{E5C9DD06-CA13-4C2D-8A3C-C9DA43B35625}.Develop|x86.Build.0 = Debug|x86
		{E5C9DD06-CA13-4C2D-8A3C-C9DA43B35625}.QA|Any CPU.ActiveCfg = Debug|Any CPU
		{E5C9DD06-CA13-4C2D-8A3C-C9DA43B35625}.QA|Any CPU.Build.0 = Debug|Any CPU
		{E5C9DD06-CA13-4C2D-8A3C-C9DA43B35625}.QA|x64.ActiveCfg = Debug|x64
		{E5C9DD06-CA13-4C2D-8A3C-C9DA43B35625}.QA|x64.Build.0 = Debug|x64
		{E5C9DD06-CA13-4C2D-8A3C-C9DA43B35625}.QA|x86.ActiveCfg = Debug|x86
		{E5C9DD06-CA13-4C2D-8A3C-C9DA43B35625}.QA|x86.Build.0 = Debug|x86
		{E5C9DD06-CA13-4C2D-8A3C-C9DA43B35625}.Release|Any CPU.ActiveCfg = Release|Any CPU
		{E5C9DD06-CA13-4C2D-8A3C-C9DA43B35625}.Release|Any CPU.Build.0 = Release|Any CPU
		{E5C9DD06-CA13-4C2D-8A3C-C9DA43B35625}.Release|x64.ActiveCfg = Release|x64
		{E5C9DD06-CA13-4C2D-8A3C-C9DA43B35625}.Release|x64.Build.0 = Release|x64
		{E5C9DD06-CA13-4C2D-8A3C-C9DA43B35625}.Release|x86.ActiveCfg = Release|x86
		{E5C9DD06-CA13-4C2D-8A3C-C9DA43B35625}.Release|x86.Build.0 = Release|x86
		{DD891F8D-B0C6-4111-ADEA-E1B58CCCDF4C}.Debug|Any CPU.ActiveCfg = Debug|Any CPU
		{DD891F8D-B0C6-4111-ADEA-E1B58CCCDF4C}.Debug|Any CPU.Build.0 = Debug|Any CPU
		{DD891F8D-B0C6-4111-ADEA-E1B58CCCDF4C}.Debug|x64.ActiveCfg = Debug|Any CPU
		{DD891F8D-B0C6-4111-ADEA-E1B58CCCDF4C}.Debug|x64.Build.0 = Debug|Any CPU
		{DD891F8D-B0C6-4111-ADEA-E1B58CCCDF4C}.Debug|x86.ActiveCfg = Debug|Any CPU
		{DD891F8D-B0C6-4111-ADEA-E1B58CCCDF4C}.Debug|x86.Build.0 = Debug|Any CPU
		{DD891F8D-B0C6-4111-ADEA-E1B58CCCDF4C}.Develop|Any CPU.ActiveCfg = Debug|Any CPU
		{DD891F8D-B0C6-4111-ADEA-E1B58CCCDF4C}.Develop|Any CPU.Build.0 = Debug|Any CPU
		{DD891F8D-B0C6-4111-ADEA-E1B58CCCDF4C}.Develop|x64.ActiveCfg = Debug|Any CPU
		{DD891F8D-B0C6-4111-ADEA-E1B58CCCDF4C}.Develop|x64.Build.0 = Debug|Any CPU
		{DD891F8D-B0C6-4111-ADEA-E1B58CCCDF4C}.Develop|x86.ActiveCfg = Debug|Any CPU
		{DD891F8D-B0C6-4111-ADEA-E1B58CCCDF4C}.Develop|x86.Build.0 = Debug|Any CPU
		{DD891F8D-B0C6-4111-ADEA-E1B58CCCDF4C}.QA|Any CPU.ActiveCfg = Debug|Any CPU
		{DD891F8D-B0C6-4111-ADEA-E1B58CCCDF4C}.QA|Any CPU.Build.0 = Debug|Any CPU
		{DD891F8D-B0C6-4111-ADEA-E1B58CCCDF4C}.QA|x64.ActiveCfg = Debug|Any CPU
		{DD891F8D-B0C6-4111-ADEA-E1B58CCCDF4C}.QA|x64.Build.0 = Debug|Any CPU
		{DD891F8D-B0C6-4111-ADEA-E1B58CCCDF4C}.QA|x86.ActiveCfg = Debug|Any CPU
		{DD891F8D-B0C6-4111-ADEA-E1B58CCCDF4C}.QA|x86.Build.0 = Debug|Any CPU
		{DD891F8D-B0C6-4111-ADEA-E1B58CCCDF4C}.Release|Any CPU.ActiveCfg = Release|Any CPU
		{DD891F8D-B0C6-4111-ADEA-E1B58CCCDF4C}.Release|Any CPU.Build.0 = Release|Any CPU
		{DD891F8D-B0C6-4111-ADEA-E1B58CCCDF4C}.Release|x64.ActiveCfg = Release|Any CPU
		{DD891F8D-B0C6-4111-ADEA-E1B58CCCDF4C}.Release|x64.Build.0 = Release|Any CPU
		{DD891F8D-B0C6-4111-ADEA-E1B58CCCDF4C}.Release|x86.ActiveCfg = Release|Any CPU
		{DD891F8D-B0C6-4111-ADEA-E1B58CCCDF4C}.Release|x86.Build.0 = Release|Any CPU
	EndGlobalSection
	GlobalSection(SolutionProperties) = preSolution
		HideSolutionNode = FALSE
	EndGlobalSection
	GlobalSection(NestedProjects) = preSolution
		{BAFC3A55-B08F-4DA8-90C7-301AF4BA0B9A} = {11D05CB9-7B81-477C-9E11-849176EEC609}
		{52562A31-7DC1-45DB-AA6C-49CD6A04FA44} = {11D05CB9-7B81-477C-9E11-849176EEC609}
		{A6405B52-7F89-404F-885D-7441AB53F8AE} = {FE11D0DF-3AEF-478A-B1C5-C94B72908DAA}
		{DD891F8D-B0C6-4111-ADEA-E1B58CCCDF4C} = {22A890DD-4427-4705-93FF-CE5625B8B063}
	EndGlobalSection
	GlobalSection(ExtensibilityGlobals) = postSolution
		SolutionGuid = {EF1CB77B-D128-4C22-B012-8160A7C3CD17}
	EndGlobalSection
EndGlobal
